Microsoft Visual Studio Solution File, Format Version 12.00
# Visual Studio Version 17
VisualStudioVersion = 17.5.2.0
MinimumVisualStudioVersion = 10.0.40219.1
Project("{FAE04EC0-301F-11D3-BF4B-00C04F79EFBC}") = "jworg-api", "jworg-api.csproj", "{07B81C54-B47E-5B01-CC88-78E47D6EF89C}"
EndProject
Global
	GlobalSection(SolutionConfigurationPlatforms) = preSolution
		Debug|Any CPU = Debug|Any CPU
		Release|Any CPU = Release|Any CPU
	EndGlobalSection
	GlobalSection(ProjectConfigurationPlatforms) = postSolution
		{07B81C54-B47E-5B01-CC88-78E47D6EF89C}.Debug|Any CPU.ActiveCfg = Debug|Any CPU
		{07B81C54-B47E-5B01-CC88-78E47D6EF89C}.Debug|Any CPU.Build.0 = Debug|Any CPU
		{07B81C54-B47E-5B01-CC88-78E47D6EF89C}.Release|Any CPU.ActiveCfg = Release|Any CPU
		{07B81C54-B47E-5B01-CC88-78E47D6EF89C}.Release|Any CPU.Build.0 = Release|Any CPU
	EndGlobalSection
	GlobalSection(SolutionProperties) = preSolution
		HideSolutionNode = FALSE
	EndGlobalSection
	GlobalSection(ExtensibilityGlobals) = postSolution
		SolutionGuid = {26FB7C95-B8C7-4183-BE2A-EEA8AFFCA97E}
	EndGlobalSection
EndGlobal
